// !$*UTF8*$!
{
	archiveVersion = 1;
	classes = {
	};
	objectVersion = 77;
	objects = {

/* Begin PBXBuildFile section */
		B30C43FB2E5416B0006F4985 /* .gitignore in Sources */ = {isa = PBXBuildFile; fileRef = B30C43FA2E5416AB006F4985 /* .gitignore */; };
/* End PBXBuildFile section */

/* Begin PBXContainerItemProxy section */
		B344C17B2E5086D000BF0086 /* PBXContainerItemProxy */ = {
			isa = PBXContainerItemProxy;
			containerPortal = B344C1642E5086CF00BF0086 /* Project object */;
			proxyType = 1;
			remoteGlobalIDString = B344C16B2E5086CF00BF0086;
			remoteInfo = GroupBuy;
		};
		B344C1852E5086D000BF0086 /* PBXContainerItemProxy */ = {
			isa = PBXContainerItemProxy;
			containerPortal = B344C1642E5086CF00BF0086 /* Project object */;
			proxyType = 1;
			remoteGlobalIDString = B344C16B2E5086CF00BF0086;
			remoteInfo = GroupBuy;
		};
/* End PBXContainerItemProxy section */

/* Begin PBXFileReference section */
		B30C43EC2E52DC3E006F4985 /* GroupBuy.xctestplan */ = {isa = PBXFileReference; lastKnownFileType = text; path = GroupBuy.xctestplan; sourceTree = "<group>"; };
		B30C43FA2E5416AB006F4985 /* .gitignore */ = {isa = PBXFileReference; lastKnownFileType = sourcecode.swift; path = .gitignore; sourceTree = "<group>"; };
		B344C16C2E5086CF00BF0086 /* GroupBuy.app */ = {isa = PBXFileReference; explicitFileType = wrapper.application; includeInIndex = 0; path = GroupBuy.app; sourceTree = BUILT_PRODUCTS_DIR; };
		B344C17A2E5086D000BF0086 /* GroupBuyTests.xctest */ = {isa = PBXFileReference; explicitFileType = wrapper.cfbundle; includeInIndex = 0; path = GroupBuyTests.xctest; sourceTree = BUILT_PRODUCTS_DIR; };
		B344C1842E5086D000BF0086 /* GroupBuyUITests.xctest */ = {isa = PBXFileReference; explicitFileType = wrapper.cfbundle; includeInIndex = 0; path = GroupBuyUITests.xctest; sourceTree = BUILT_PRODUCTS_DIR; };
/* End PBXFileReference section */

/* Begin PBXFileSystemSynchronizedBuildFileExceptionSet section */
		B30C43F02E5369A6006F4985 /* Exceptions for "GroupBuy" folder in "GroupBuy" target */ = {
			isa = PBXFileSystemSynchronizedBuildFileExceptionSet;
			membershipExceptions = (
				Info.plist,
			);
			target = B344C16B2E5086CF00BF0086 /* GroupBuy */;
		};
/* End PBXFileSystemSynchronizedBuildFileExceptionSet section */

/* Begin PBXFileSystemSynchronizedRootGroup section */
		B344C16E2E5086CF00BF0086 /* GroupBuy */ = {
			isa = PBXFileSystemSynchronizedRootGroup;
			exceptions = (
				B30C43F02E5369A6006F4985 /* Exceptions for "GroupBuy" folder in "GroupBuy" target */,
			);
			path = GroupBuy;
			sourceTree = "<group>";
		};
		B344C17D2E5086D000BF0086 /* GroupBuyTests */ = {
			isa = PBXFileSystemSynchronizedRootGroup;
			path = GroupBuyTests;
			sourceTree = "<group>";
		};
		B344C1872E5086D000BF0086 /* GroupBuyUITests */ = {
			isa = PBXFileSystemSynchronizedRootGroup;
			path = GroupBuyUITests;
			sourceTree = "<group>";
		};
/* End PBXFileSystemSynchronizedRootGroup section */

/* Begin PBXFrameworksBuildPhase section */
		B344C1692E5086CF00BF0086 /* Frameworks */ = {
			isa = PBXFrameworksBuildPhase;
			buildActionMask = 2147483647;
			files = (
			);
			runOnlyForDeploymentPostprocessing = 0;
		};
		B344C1772E5086D000BF0086 /* Frameworks */ = {
			isa = PBXFrameworksBuildPhase;
			buildActionMask = 2147483647;
			files = (
			);
			runOnlyForDeploymentPostprocessing = 0;
		};
		B344C1812E5086D000BF0086 /* Frameworks */ = {
			isa = PBXFrameworksBuildPhase;
			buildActionMask = 2147483647;
			files = (
			);
			runOnlyForDeploymentPostprocessing = 0;
		};
/* End PBXFrameworksBuildPhase section */

/* Begin PBXGroup section */
		B344C1632E5086CF00BF0086 = {
			isa = PBXGroup;
			children = (
				B30C43FA2E5416AB006F4985 /* .gitignore */,
				B30C43EC2E52DC3E006F4985 /* GroupBuy.xctestplan */,
				B344C16E2E5086CF00BF0086 /* GroupBuy */,
				B344C17D2E5086D000BF0086 /* GroupBuyTests */,
				B344C1872E5086D000BF0086 /* GroupBuyUITests */,
				B344C16D2E5086CF00BF0086 /* Products */,
			);
			sourceTree = "<group>";
		};
		B344C16D2E5086CF00BF0086 /* Products */ = {
			isa = PBXGroup;
			children = (
				B344C16C2E5086CF00BF0086 /* GroupBuy.app */,
				B344C17A2E5086D000BF0086 /* GroupBuyTests.xctest */,
				B344C1842E5086D000BF0086 /* GroupBuyUITests.xctest */,
			);
			name = Products;
			sourceTree = "<group>";
		};
/* End PBXGroup section */

/* Begin PBXNativeTarget section */
		B344C16B2E5086CF00BF0086 /* GroupBuy */ = {
			isa = PBXNativeTarget;
			buildConfigurationList = B344C18E2E5086D000BF0086 /* Build configuration list for PBXNativeTarget "GroupBuy" */;
			buildPhases = (
				B344C1682E5086CF00BF0086 /* Sources */,
				B344C1692E5086CF00BF0086 /* Frameworks */,
				B344C16A2E5086CF00BF0086 /* Resources */,
			);
			buildRules = (
			);
			dependencies = (
			);
			fileSystemSynchronizedGroups = (
				B344C16E2E5086CF00BF0086 /* GroupBuy */,
			);
			name = GroupBuy;
			packageProductDependencies = (
			);
			productName = GroupBuy;
			productReference = B344C16C2E5086CF00BF0086 /* GroupBuy.app */;
			productType = "com.apple.product-type.application";
		};
		B344C1792E5086D000BF0086 /* GroupBuyTests */ = {
			isa = PBXNativeTarget;
			buildConfigurationList = B344C1912E5086D000BF0086 /* Build configuration list for PBXNativeTarget "GroupBuyTests" */;
			buildPhases = (
				B344C1762E5086D000BF0086 /* Sources */,
				B344C1772E5086D000BF0086 /* Frameworks */,
				B344C1782E5086D000BF0086 /* Resources */,
			);
			buildRules = (
			);
			dependencies = (
				B344C17C2E5086D000BF0086 /* PBXTargetDependency */,
			);
			fileSystemSynchronizedGroups = (
				B344C17D2E5086D000BF0086 /* GroupBuyTests */,
			);
			name = GroupBuyTests;
			packageProductDependencies = (
			);
			productName = GroupBuyTests;
			productReference = B344C17A2E5086D000BF0086 /* GroupBuyTests.xctest */;
			productType = "com.apple.product-type.bundle.unit-test";
		};
		B344C1832E5086D000BF0086 /* GroupBuyUITests */ = {
			isa = PBXNativeTarget;
			buildConfigurationList = B344C1942E5086D000BF0086 /* Build configuration list for PBXNativeTarget "GroupBuyUITests" */;
			buildPhases = (
				B344C1802E5086D000BF0086 /* Sources */,
				B344C1812E5086D000BF0086 /* Frameworks */,
				B344C1822E5086D000BF0086 /* Resources */,
			);
			buildRules = (
			);
			dependencies = (
				B344C1862E5086D000BF0086 /* PBXTargetDependency */,
			);
			fileSystemSynchronizedGroups = (
				B344C1872E5086D000BF0086 /* GroupBuyUITests */,
			);
			name = GroupBuyUITests;
			packageProductDependencies = (
			);
			productName = GroupBuyUITests;
			productReference = B344C1842E5086D000BF0086 /* GroupBuyUITests.xctest */;
			productType = "com.apple.product-type.bundle.ui-testing";
		};
/* End PBXNativeTarget section */

/* Begin PBXProject section */
		B344C1642E5086CF00BF0086 /* Project object */ = {
			isa = PBXProject;
			attributes = {
				BuildIndependentTargetsInParallel = 1;
				LastSwiftUpdateCheck = 1640;
				LastUpgradeCheck = 1640;
				TargetAttributes = {
					B344C16B2E5086CF00BF0086 = {
						CreatedOnToolsVersion = 16.4;
					};
					B344C1792E5086D000BF0086 = {
						CreatedOnToolsVersion = 16.4;
						TestTargetID = B344C16B2E5086CF00BF0086;
					};
					B344C1832E5086D000BF0086 = {
						CreatedOnToolsVersion = 16.4;
						TestTargetID = B344C16B2E5086CF00BF0086;
					};
				};
			};
			buildConfigurationList = B344C1672E5086CF00BF0086 /* Build configuration list for PBXProject "GroupBuy" */;
			developmentRegion = en;
			hasScannedForEncodings = 0;
			knownRegions = (
				en,
				Base,
			);
			mainGroup = B344C1632E5086CF00BF0086;
			minimizedProjectReferenceProxies = 1;
			preferredProjectObjectVersion = 77;
			productRefGroup = B344C16D2E5086CF00BF0086 /* Products */;
			projectDirPath = "";
			projectRoot = "";
			targets = (
				B344C16B2E5086CF00BF0086 /* GroupBuy */,
				B344C1792E5086D000BF0086 /* GroupBuyTests */,
				B344C1832E5086D000BF0086 /* GroupBuyUITests */,
			);
		};
/* End PBXProject section */

/* Begin PBXResourcesBuildPhase section */
		B344C16A2E5086CF00BF0086 /* Resources */ = {
			isa = PBXResourcesBuildPhase;
			buildActionMask = 2147483647;
			files = (
			);
			runOnlyForDeploymentPostprocessing = 0;
		};
		B344C1782E5086D000BF0086 /* Resources */ = {
			isa = PBXResourcesBuildPhase;
			buildActionMask = 2147483647;
			files = (
			);
			runOnlyForDeploymentPostprocessing = 0;
		};
		B344C1822E5086D000BF0086 /* Resources */ = {
			isa = PBXResourcesBuildPhase;
			buildActionMask = 2147483647;
			files = (
			);
			runOnlyForDeploymentPostprocessing = 0;
		};
/* End PBXResourcesBuildPhase section */

/* Begin PBXSourcesBuildPhase section */
		B344C1682E5086CF00BF0086 /* Sources */ = {
			isa = PBXSourcesBuildPhase;
			buildActionMask = 2147483647;
			files = (
				B30C43FB2E5416B0006F4985 /* .gitignore in Sources */,
			);
			runOnlyForDeploymentPostprocessing = 0;
		};
		B344C1762E5086D000BF0086 /* Sources */ = {
			isa = PBXSourcesBuildPhase;
			buildActionMask = 2147483647;
			files = (
			);
			runOnlyForDeploymentPostprocessing = 0;
		};
		B344C1802E5086D000BF0086 /* Sources */ = {
			isa = PBXSourcesBuildPhase;
			buildActionMask = 2147483647;
			files = (
			);
			runOnlyForDeploymentPostprocessing = 0;
		};
/* End PBXSourcesBuildPhase section */

/* Begin PBXTargetDependency section */
		B344C17C2E5086D000BF0086 /* PBXTargetDependency */ = {
			isa = PBXTargetDependency;
			target = B344C16B2E5086CF00BF0086 /* GroupBuy */;
			targetProxy = B344C17B2E5086D000BF0086 /* PBXContainerItemProxy */;
		};
		B344C1862E5086D000BF0086 /* PBXTargetDependency */ = {
			isa = PBXTargetDependency;
			target = B344C16B2E5086CF00BF0086 /* GroupBuy */;
			targetProxy = B344C1852E5086D000BF0086 /* PBXContainerItemProxy */;
		};
/* End PBXTargetDependency section */

/* Begin XCBuildConfiguration section */
		B344C18C2E5086D000BF0086 /* Debug */ = {
			isa = XCBuildConfiguration;
			buildSettings = {
				ALWAYS_SEARCH_USER_PATHS = NO;
				ASSETCATALOG_COMPILER_GENERATE_SWIFT_ASSET_SYMBOL_EXTENSIONS = YES;
				CLANG_ANALYZER_NONNULL = YES;
				CLANG_ANALYZER_NUMBER_OBJECT_CONVERSION = YES_AGGRESSIVE;
				CLANG_CXX_LANGUAGE_STANDARD = "gnu++20";
				CLANG_ENABLE_MODULES = YES;
				CLANG_ENABLE_OBJC_ARC = YES;
				CLANG_ENABLE_OBJC_WEAK = YES;
				CLANG_WARN_BLOCK_CAPTURE_AUTORELEASING = YES;
				CLANG_WARN_BOOL_CONVERSION = YES;
				CLANG_WARN_COMMA = YES;
				CLANG_WARN_CONSTANT_CONVERSION = YES;
				CLANG_WARN_DEPRECATED_OBJC_IMPLEMENTATIONS = YES;
				CLANG_WARN_DIRECT_OBJC_ISA_USAGE = YES_ERROR;
				CLANG_WARN_DOCUMENTATION_COMMENTS = YES;
				CLANG_WARN_EMPTY_BODY = YES;
				CLANG_WARN_ENUM_CONVERSION = YES;
				CLANG_WARN_INFINITE_RECURSION = YES;
				CLANG_WARN_INT_CONVERSION = YES;
				CLANG_WARN_NON_LITERAL_NULL_CONVERSION = YES;
				CLANG_WARN_OBJC_IMPLICIT_RETAIN_SELF = YES;
				CLANG_WARN_OBJC_LITERAL_CONVERSION = YES;
				CLANG_WARN_OBJC_ROOT_CLASS = YES_ERROR;
				CLANG_WARN_QUOTED_INCLUDE_IN_FRAMEWORK_HEADER = YES;
				CLANG_WARN_RANGE_LOOP_ANALYSIS = YES;
				CLANG_WARN_STRICT_PROTOTYPES = YES;
				CLANG_WARN_SUSPICIOUS_MOVE = YES;
				CLANG_WARN_UNGUARDED_AVAILABILITY = YES_AGGRESSIVE;
				CLANG_WARN_UNREACHABLE_CODE = YES;
				CLANG_WARN__DUPLICATE_METHOD_MATCH = YES;
				COPY_PHASE_STRIP = NO;
				DEBUG_INFORMATION_FORMAT = dwarf;
				ENABLE_STRICT_OBJC_MSGSEND = YES;
				ENABLE_TESTABILITY = YES;
				ENABLE_USER_SCRIPT_SANDBOXING = YES;
				GCC_C_LANGUAGE_STANDARD = gnu17;
				GCC_DYNAMIC_NO_PIC = NO;
				GCC_NO_COMMON_BLOCKS = YES;
				GCC_OPTIMIZATION_LEVEL = 0;
				GCC_PREPROCESSOR_DEFINITIONS = (
					"DEBUG=1",
					"$(inherited)",
				);
				GCC_WARN_64_TO_32_BIT_CONVERSION = YES;
				GCC_WARN_ABOUT_RETURN_TYPE = YES_ERROR;
				GCC_WARN_UNDECLARED_SELECTOR = YES;
				GCC_WARN_UNINITIALIZED_AUTOS = YES_AGGRESSIVE;
				GCC_WARN_UNUSED_FUNCTION = YES;
				GCC_WARN_UNUSED_VARIABLE = YES;
				LOCALIZATION_PREFERS_STRING_CATALOGS = YES;
				MTL_ENABLE_DEBUG_INFO = INCLUDE_SOURCE;
				MTL_FAST_MATH = YES;
				ONLY_ACTIVE_ARCH = YES;
				SWIFT_ACTIVE_COMPILATION_CONDITIONS = "DEBUG $(inherited)";
				SWIFT_OPTIMIZATION_LEVEL = "-Onone";
			};
			name = Debug;
		};
		B344C18D2E5086D000BF0086 /* Release */ = {
			isa = XCBuildConfiguration;
			buildSettings = {
				ALWAYS_SEARCH_USER_PATHS = NO;
				ASSETCATALOG_COMPILER_GENERATE_SWIFT_ASSET_SYMBOL_EXTENSIONS = YES;
				CLANG_ANALYZER_NONNULL = YES;
				CLANG_ANALYZER_NUMBER_OBJECT_CONVERSION = YES_AGGRESSIVE;
				CLANG_CXX_LANGUAGE_STANDARD = "gnu++20";
				CLANG_ENABLE_MODULES = YES;
				CLANG_ENABLE_OBJC_ARC = YES;
				CLANG_ENABLE_OBJC_WEAK = YES;
				CLANG_WARN_BLOCK_CAPTURE_AUTORELEASING = YES;
				CLANG_WARN_BOOL_CONVERSION = YES;
				CLANG_WARN_COMMA = YES;
				CLANG_WARN_CONSTANT_CONVERSION = YES;
				CLANG_WARN_DEPRECATED_OBJC_IMPLEMENTATIONS = YES;
				CLANG_WARN_DIRECT_OBJC_ISA_USAGE = YES_ERROR;
				CLANG_WARN_DOCUMENTATION_COMMENTS = YES;
				CLANG_WARN_EMPTY_BODY = YES;
				CLANG_WARN_ENUM_CONVERSION = YES;
				CLANG_WARN_INFINITE_RECURSION = YES;
				CLANG_WARN_INT_CONVERSION = YES;
				CLANG_WARN_NON_LITERAL_NULL_CONVERSION = YES;
				CLANG_WARN_OBJC_IMPLICIT_RETAIN_SELF = YES;
				CLANG_WARN_OBJC_LITERAL_CONVERSION = YES;
				CLANG_WARN_OBJC_ROOT_CLASS = YES_ERROR;
				CLANG_WARN_QUOTED_INCLUDE_IN_FRAMEWORK_HEADER = YES;
				CLANG_WARN_RANGE_LOOP_ANALYSIS = YES;
				CLANG_WARN_STRICT_PROTOTYPES = YES;
				CLANG_WARN_SUSPICIOUS_MOVE = YES;
				CLANG_WARN_UNGUARDED_AVAILABILITY = YES_AGGRESSIVE;
				CLANG_WARN_UNREACHABLE_CODE = YES;
				CLANG_WARN__DUPLICATE_METHOD_MATCH = YES;
				COPY_PHASE_STRIP = NO;
				DEBUG_INFORMATION_FORMAT = "dwarf-with-dsym";
				ENABLE_NS_ASSERTIONS = NO;
				ENABLE_STRICT_OBJC_MSGSEND = YES;
				ENABLE_USER_SCRIPT_SANDBOXING = YES;
				GCC_C_LANGUAGE_STANDARD = gnu17;
				GCC_NO_COMMON_BLOCKS = YES;
				GCC_WARN_64_TO_32_BIT_CONVERSION = YES;
				GCC_WARN_ABOUT_RETURN_TYPE = YES_ERROR;
				GCC_WARN_UNDECLARED_SELECTOR = YES;
				GCC_WARN_UNINITIALIZED_AUTOS = YES_AGGRESSIVE;
				GCC_WARN_UNUSED_FUNCTION = YES;
				GCC_WARN_UNUSED_VARIABLE = YES;
				LOCALIZATION_PREFERS_STRING_CATALOGS = YES;
				MTL_ENABLE_DEBUG_INFO = NO;
				MTL_FAST_MATH = YES;
				SWIFT_COMPILATION_MODE = wholemodule;
			};
			name = Release;
		};
		B344C18F2E5086D000BF0086 /* Debug */ = {
			isa = XCBuildConfiguration;
			buildSettings = {
				ASSETCATALOG_COMPILER_APPICON_NAME = AppIcon;
				ASSETCATALOG_COMPILER_GLOBAL_ACCENT_COLOR_NAME = AccentColor;
				CODE_SIGN_ENTITLEMENTS = GroupBuy/GroupBuy.entitlements;
				CODE_SIGN_STYLE = Automatic;
				CURRENT_PROJECT_VERSION = 1;
				DEVELOPMENT_TEAM = 5JRDXCTJ64;
				ENABLE_PREVIEWS = YES;
				GENERATE_INFOPLIST_FILE = YES;
				INFOPLIST_FILE = GroupBuy/Info.plist;
				INFOPLIST_KEY_NSLocationWhenInUseUsageDescription = "此應用程式需要存取您的位置以搜尋附近的商店和提供更準確的地點推薦。";
				INFOPLIST_KEY_NSMicrophoneUsageDescription = "此應用程式需要使用麥克風進行語音搜尋地點功能";
				INFOPLIST_KEY_NSSpeechRecognitionUsageDescription = "此應用程式需要使用麥克風進行語音搜尋地點功能";
				"INFOPLIST_KEY_UIApplicationSceneManifest_Generation[sdk=iphoneos*]" = YES;
				"INFOPLIST_KEY_UIApplicationSceneManifest_Generation[sdk=iphonesimulator*]" = YES;
				"INFOPLIST_KEY_UIApplicationSupportsIndirectInputEvents[sdk=iphoneos*]" = YES;
				"INFOPLIST_KEY_UIApplicationSupportsIndirectInputEvents[sdk=iphonesimulator*]" = YES;
				"INFOPLIST_KEY_UILaunchScreen_Generation[sdk=iphoneos*]" = YES;
				"INFOPLIST_KEY_UILaunchScreen_Generation[sdk=iphonesimulator*]" = YES;
				"INFOPLIST_KEY_UIStatusBarStyle[sdk=iphoneos*]" = UIStatusBarStyleDefault;
				"INFOPLIST_KEY_UIStatusBarStyle[sdk=iphonesimulator*]" = UIStatusBarStyleDefault;
				INFOPLIST_KEY_UISupportedInterfaceOrientations_iPad = "UIInterfaceOrientationPortrait UIInterfaceOrientationPortraitUpsideDown UIInterfaceOrientationLandscapeLeft UIInterfaceOrientationLandscapeRight";
				INFOPLIST_KEY_UISupportedInterfaceOrientations_iPhone = "UIInterfaceOrientationPortrait UIInterfaceOrientationLandscapeLeft UIInterfaceOrientationLandscapeRight";
				IPHONEOS_DEPLOYMENT_TARGET = 18.6;
				LD_RUNPATH_SEARCH_PATHS = "@executable_path/Frameworks";
				"LD_RUNPATH_SEARCH_PATHS[sdk=macosx*]" = "@executable_path/../Frameworks";
				MACOSX_DEPLOYMENT_TARGET = 15.5;
				MARKETING_VERSION = 1.0;
				PRODUCT_BUNDLE_IDENTIFIER = com.GroupBuy;
				PRODUCT_NAME = "$(TARGET_NAME)";
				REGISTER_APP_GROUPS = YES;
				SDKROOT = auto;
				SUPPORTED_PLATFORMS = "iphoneos iphonesimulator";
				SUPPORTS_MACCATALYST = NO;
				SWIFT_EMIT_LOC_STRINGS = YES;
				SWIFT_VERSION = 5.0;
				TARGETED_DEVICE_FAMILY = "1,2";
				XROS_DEPLOYMENT_TARGET = 2.5;
			};
			name = Debug;
		};
		B344C1902E5086D000BF0086 /* Release */ = {
			isa = XCBuildConfiguration;
			buildSettings = {
				ASSETCATALOG_COMPILER_APPICON_NAME = AppIcon;
				ASSETCATALOG_COMPILER_GLOBAL_ACCENT_COLOR_NAME = AccentColor;
				CODE_SIGN_ENTITLEMENTS = GroupBuy/GroupBuy.entitlements;
				CODE_SIGN_STYLE = Automatic;
				CURRENT_PROJECT_VERSION = 1;
				DEVELOPMENT_TEAM = 5JRDXCTJ64;
				ENABLE_PREVIEWS = YES;
				GENERATE_INFOPLIST_FILE = YES;
				INFOPLIST_FILE = GroupBuy/Info.plist;
				INFOPLIST_KEY_NSLocationWhenInUseUsageDescription = "此應用程式需要存取您的位置以搜尋附近的商店和提供更準確的地點推薦。";
				INFOPLIST_KEY_NSMicrophoneUsageDescription = "此應用程式需要使用麥克風進行語音搜尋地點功能";
				INFOPLIST_KEY_NSSpeechRecognitionUsageDescription = "此應用程式需要使用麥克風進行語音搜尋地點功能";
				"INFOPLIST_KEY_UIApplicationSceneManifest_Generation[sdk=iphoneos*]" = YES;
				"INFOPLIST_KEY_UIApplicationSceneManifest_Generation[sdk=iphonesimulator*]" = YES;
				"INFOPLIST_KEY_UIApplicationSupportsIndirectInputEvents[sdk=iphoneos*]" = YES;
				"INFOPLIST_KEY_UIApplicationSupportsIndirectInputEvents[sdk=iphonesimulator*]" = YES;
				"INFOPLIST_KEY_UILaunchScreen_Generation[sdk=iphoneos*]" = YES;
				"INFOPLIST_KEY_UILaunchScreen_Generation[sdk=iphonesimulator*]" = YES;
				"INFOPLIST_KEY_UIStatusBarStyle[sdk=iphoneos*]" = UIStatusBarStyleDefault;
				"INFOPLIST_KEY_UIStatusBarStyle[sdk=iphonesimulator*]" = UIStatusBarStyleDefault;
				INFOPLIST_KEY_UISupportedInterfaceOrientations_iPad = "UIInterfaceOrientationPortrait UIInterfaceOrientationPortraitUpsideDown UIInterfaceOrientationLandscapeLeft UIInterfaceOrientationLandscapeRight";
				INFOPLIST_KEY_UISupportedInterfaceOrientations_iPhone = "UIInterfaceOrientationPortrait UIInterfaceOrientationLandscapeLeft UIInterfaceOrientationLandscapeRight";
				IPHONEOS_DEPLOYMENT_TARGET = 18.6;
				LD_RUNPATH_SEARCH_PATHS = "@executable_path/Frameworks";
				"LD_RUNPATH_SEARCH_PATHS[sdk=macosx*]" = "@executable_path/../Frameworks";
				MACOSX_DEPLOYMENT_TARGET = 15.5;
				MARKETING_VERSION = 1.0;
				PRODUCT_BUNDLE_IDENTIFIER = com.GroupBuy;
				PRODUCT_NAME = "$(TARGET_NAME)";
				REGISTER_APP_GROUPS = YES;
				SDKROOT = auto;
				SUPPORTED_PLATFORMS = "iphoneos iphonesimulator";
				SUPPORTS_MACCATALYST = NO;
				SWIFT_EMIT_LOC_STRINGS = YES;
				SWIFT_VERSION = 5.0;
				TARGETED_DEVICE_FAMILY = "1,2";
				XROS_DEPLOYMENT_TARGET = 2.5;
			};
			name = Release;
		};
		B344C1922E5086D000BF0086 /* Debug */ = {
			isa = XCBuildConfiguration;
			buildSettings = {
				BUNDLE_LOADER = "$(TEST_HOST)";
				CODE_SIGN_STYLE = Automatic;
				CURRENT_PROJECT_VERSION = 1;
				DEVELOPMENT_TEAM = 5JRDXCTJ64;
				GENERATE_INFOPLIST_FILE = YES;
				IPHONEOS_DEPLOYMENT_TARGET = 26.0;
				MACOSX_DEPLOYMENT_TARGET = 15.5;
				MARKETING_VERSION = 1.0;
				PRODUCT_BUNDLE_IDENTIFIER = com.GroupBuyTests;
				PRODUCT_NAME = "$(TARGET_NAME)";
				SDKROOT = auto;
				SUPPORTED_PLATFORMS = "iphoneos iphonesimulator";
				SUPPORTS_MACCATALYST = NO;
				SWIFT_EMIT_LOC_STRINGS = NO;
				SWIFT_VERSION = 5.0;
				TARGETED_DEVICE_FAMILY = "1,2";
				TEST_HOST = "$(BUILT_PRODUCTS_DIR)/GroupBuy.app/$(BUNDLE_EXECUTABLE_FOLDER_PATH)/GroupBuy";
				XROS_DEPLOYMENT_TARGET = 2.5;
			};
			name = Debug;
		};
		B344C1932E5086D000BF0086 /* Release */ = {
			isa = XCBuildConfiguration;
			buildSettings = {
				BUNDLE_LOADER = "$(TEST_HOST)";
				CODE_SIGN_STYLE = Automatic;
				CURRENT_PROJECT_VERSION = 1;
				DEVELOPMENT_TEAM = 5JRDXCTJ64;
				GENERATE_INFOPLIST_FILE = YES;
				IPHONEOS_DEPLOYMENT_TARGET = 26.0;
				MACOSX_DEPLOYMENT_TARGET = 15.5;
				MARKETING_VERSION = 1.0;
				PRODUCT_BUNDLE_IDENTIFIER = com.GroupBuyTests;
				PRODUCT_NAME = "$(TARGET_NAME)";
				SDKROOT = auto;
				SUPPORTED_PLATFORMS = "iphoneos iphonesimulator";
				SUPPORTS_MACCATALYST = NO;
				SWIFT_EMIT_LOC_STRINGS = NO;
				SWIFT_VERSION = 5.0;
				TARGETED_DEVICE_FAMILY = "1,2";
				TEST_HOST = "$(BUILT_PRODUCTS_DIR)/GroupBuy.app/$(BUNDLE_EXECUTABLE_FOLDER_PATH)/GroupBuy";
				XROS_DEPLOYMENT_TARGET = 2.5;
			};
			name = Release;
		};
		B344C1952E5086D000BF0086 /* Debug */ = {
			isa = XCBuildConfiguration;
			buildSettings = {
				CODE_SIGN_STYLE = Automatic;
				CURRENT_PROJECT_VERSION = 1;
				GENERATE_INFOPLIST_FILE = YES;
				IPHONEOS_DEPLOYMENT_TARGET = 18.5;
				MACOSX_DEPLOYMENT_TARGET = 15.5;
				MARKETING_VERSION = 1.0;
				PRODUCT_BUNDLE_IDENTIFIER = com.GroupBuyUITests;
				PRODUCT_NAME = "$(TARGET_NAME)";
				SDKROOT = auto;
				SUPPORTED_PLATFORMS = "iphoneos iphonesimulator macosx xros xrsimulator";
				SWIFT_EMIT_LOC_STRINGS = NO;
				SWIFT_VERSION = 5.0;
				TARGETED_DEVICE_FAMILY = "1,2,7";
				TEST_TARGET_NAME = GroupBuy;
				XROS_DEPLOYMENT_TARGET = 2.5;
			};
			name = Debug;
		};
		B344C1962E5086D000BF0086 /* Release */ = {
			isa = XCBuildConfiguration;
			buildSettings = {
				CODE_SIGN_STYLE = Automatic;
				CURRENT_PROJECT_VERSION = 1;
				GENERATE_INFOPLIST_FILE = YES;
				IPHONEOS_DEPLOYMENT_TARGET = 18.5;
				MACOSX_DEPLOYMENT_TARGET = 15.5;
				MARKETING_VERSION = 1.0;
				PRODUCT_BUNDLE_IDENTIFIER = com.GroupBuyUITests;
				PRODUCT_NAME = "$(TARGET_NAME)";
				SDKROOT = auto;
				SUPPORTED_PLATFORMS = "iphoneos iphonesimulator macosx xros xrsimulator";
				SWIFT_EMIT_LOC_STRINGS = NO;
				SWIFT_VERSION = 5.0;
				TARGETED_DEVICE_FAMILY = "1,2,7";
				TEST_TARGET_NAME = GroupBuy;
				XROS_DEPLOYMENT_TARGET = 2.5;
			};
			name = Release;
		};
/* End XCBuildConfiguration section */

/* Begin XCConfigurationList section */
		B344C1672E5086CF00BF0086 /* Build configuration list for PBXProject "GroupBuy" */ = {
			isa = XCConfigurationList;
			buildConfigurations = (
				B344C18C2E5086D000BF0086 /* Debug */,
				B344C18D2E5086D000BF0086 /* Release */,
			);
			defaultConfigurationIsVisible = 0;
			defaultConfigurationName = Release;
		};
		B344C18E2E5086D000BF0086 /* Build configuration list for PBXNativeTarget "GroupBuy" */ = {
			isa = XCConfigurationList;
			buildConfigurations = (
				B344C18F2E5086D000BF0086 /* Debug */,
				B344C1902E5086D000BF0086 /* Release */,
			);
			defaultConfigurationIsVisible = 0;
			defaultConfigurationName = Release;
		};
		B344C1912E5086D000BF0086 /* Build configuration list for PBXNativeTarget "GroupBuyTests" */ = {
			isa = XCConfigurationList;
			buildConfigurations = (
				B344C1922E5086D000BF0086 /* Debug */,
				B344C1932E5086D000BF0086 /* Release */,
			);
			defaultConfigurationIsVisible = 0;
			defaultConfigurationName = Release;
		};
		B344C1942E5086D000BF0086 /* Build configuration list for PBXNativeTarget "GroupBuyUITests" */ = {
			isa = XCConfigurationList;
			buildConfigurations = (
				B344C1952E5086D000BF0086 /* Debug */,
				B344C1962E5086D000BF0086 /* Release */,
			);
			defaultConfigurationIsVisible = 0;
			defaultConfigurationName = Release;
		};
/* End XCConfigurationList section */
	};
	rootObject = B344C1642E5086CF00BF0086 /* Project object */;
}
